// !$*UTF8*$!
{
	archiveVersion = 1;
	classes = {
	};
	objectVersion = 56;
	objects = {

/* Begin PBXBuildFile section */
		1D9255DA2A0932CF002C099A /* Model.xcdatamodeld in Sources */ = {isa = PBXBuildFile; fileRef = 1D9255D82A0932CF002C099A /* Model.xcdatamodeld */; };
		1D9255E22A0936D4002C099A /* Statement+CoreDataProperties.swift in Sources */ = {isa = PBXBuildFile; fileRef = 1D9255E12A0936D4002C099A /* Statement+CoreDataProperties.swift */; };
		1D9255E42A0937CE002C099A /* Statement+CoreDataClass.swift in Sources */ = {isa = PBXBuildFile; fileRef = 1D9255E32A0937CE002C099A /* Statement+CoreDataClass.swift */; };
		1D9255EA2A093A7E002C099A /* PersistenceController.swift in Sources */ = {isa = PBXBuildFile; fileRef = 1D9255E92A093A7E002C099A /* PersistenceController.swift */; };
		1D9255EC2A0A2E1A002C099A /* test.swift in Sources */ = {isa = PBXBuildFile; fileRef = 1D9255EB2A0A2E1A002C099A /* test.swift */; };
		295162EF2A0C94B7002E4C5D /* RecordBox.swift in Sources */ = {isa = PBXBuildFile; fileRef = 295162EE2A0C94B7002E4C5D /* RecordBox.swift */; };
		29EDCF0B2A03416B00687162 /* ShareView.swift in Sources */ = {isa = PBXBuildFile; fileRef = 29EDCF0A2A03416B00687162 /* ShareView.swift */; };
		29EDCF0D2A03418000687162 /* EmojiCard.swift in Sources */ = {isa = PBXBuildFile; fileRef = 29EDCF0C2A03418000687162 /* EmojiCard.swift */; };
		29EDCF0F2A03418E00687162 /* ShareButton.swift in Sources */ = {isa = PBXBuildFile; fileRef = 29EDCF0E2A03418E00687162 /* ShareButton.swift */; };
		29EDCF142A078C5D00687162 /* Extension.swift in Sources */ = {isa = PBXBuildFile; fileRef = 29EDCF132A078C5D00687162 /* Extension.swift */; };
		29EDCF162A078C8A00687162 /* DateFormat.swift in Sources */ = {isa = PBXBuildFile; fileRef = 29EDCF152A078C8A00687162 /* DateFormat.swift */; };
		29EDCF1A2A0799C700687162 /* EmojiCardDetail.swift in Sources */ = {isa = PBXBuildFile; fileRef = 29EDCF192A0799C700687162 /* EmojiCardDetail.swift */; };
		29F0CDCB2A0D0BDD00EC6AE7 /* SwipableView.swift in Sources */ = {isa = PBXBuildFile; fileRef = 29F0CDCA2A0D0BDD00EC6AE7 /* SwipableView.swift */; };
		29F0CDCD2A0D0C3D00EC6AE7 /* CalenderBox.swift in Sources */ = {isa = PBXBuildFile; fileRef = 29F0CDCC2A0D0C3D00EC6AE7 /* CalenderBox.swift */; };
		29F0CDCF2A0D0D9400EC6AE7 /* RecordList.swift in Sources */ = {isa = PBXBuildFile; fileRef = 29F0CDCE2A0D0D9400EC6AE7 /* RecordList.swift */; };
		29F0CDD12A0D14D900EC6AE7 /* ListUpTest.swift in Sources */ = {isa = PBXBuildFile; fileRef = 29F0CDD02A0D14D900EC6AE7 /* ListUpTest.swift */; };
		3B25DEC62A07B7BB00C5D1DD /* MainView.swift in Sources */ = {isa = PBXBuildFile; fileRef = 3B25DEC52A07B7BB00C5D1DD /* MainView.swift */; };
		3B25DEC82A07B7E000C5D1DD /* SelectEmoji.swift in Sources */ = {isa = PBXBuildFile; fileRef = 3B25DEC72A07B7E000C5D1DD /* SelectEmoji.swift */; };
		3B25DECA2A07B7F400C5D1DD /* DragWheel.swift in Sources */ = {isa = PBXBuildFile; fileRef = 3B25DEC92A07B7F400C5D1DD /* DragWheel.swift */; };
		3B25DECC2A07B80700C5D1DD /* CoachMark.swift in Sources */ = {isa = PBXBuildFile; fileRef = 3B25DECB2A07B80700C5D1DD /* CoachMark.swift */; };
		3B4EAEE92A0B77F300B045A2 /* RecordView.swift in Sources */ = {isa = PBXBuildFile; fileRef = 3B4EAEE82A0B77F300B045A2 /* RecordView.swift */; };
		CA6A56662A0D2ED3005D2CCA /* StateData.swift in Sources */ = {isa = PBXBuildFile; fileRef = CA6A56652A0D2ED3005D2CCA /* StateData.swift */; };
		CA6A56682A0D2EEB005D2CCA /* ChartView.swift in Sources */ = {isa = PBXBuildFile; fileRef = CA6A56672A0D2EEB005D2CCA /* ChartView.swift */; };
		CABAB7BC29FFD1E800FA86A6 /* EZ_AppleApp.swift in Sources */ = {isa = PBXBuildFile; fileRef = CABAB7BB29FFD1E800FA86A6 /* EZ_AppleApp.swift */; };
		CABAB7C029FFD1EA00FA86A6 /* Assets.xcassets in Resources */ = {isa = PBXBuildFile; fileRef = CABAB7BF29FFD1EA00FA86A6 /* Assets.xcassets */; };
		CABAB7C329FFD1EA00FA86A6 /* Preview Assets.xcassets in Resources */ = {isa = PBXBuildFile; fileRef = CABAB7C229FFD1EA00FA86A6 /* Preview Assets.xcassets */; };
/* End PBXBuildFile section */

/* Begin PBXFileReference section */
		1D9255D92A0932CF002C099A /* CoreDataEz.xcdatamodel */ = {isa = PBXFileReference; lastKnownFileType = wrapper.xcdatamodel; path = CoreDataEz.xcdatamodel; sourceTree = "<group>"; };
		1D9255E12A0936D4002C099A /* Statement+CoreDataProperties.swift */ = {isa = PBXFileReference; lastKnownFileType = sourcecode.swift; path = "Statement+CoreDataProperties.swift"; sourceTree = "<group>"; };
		1D9255E32A0937CE002C099A /* Statement+CoreDataClass.swift */ = {isa = PBXFileReference; lastKnownFileType = sourcecode.swift; path = "Statement+CoreDataClass.swift"; sourceTree = "<group>"; };
		1D9255E92A093A7E002C099A /* PersistenceController.swift */ = {isa = PBXFileReference; lastKnownFileType = sourcecode.swift; path = PersistenceController.swift; sourceTree = "<group>"; };
		1D9255EB2A0A2E1A002C099A /* test.swift */ = {isa = PBXFileReference; lastKnownFileType = sourcecode.swift; path = test.swift; sourceTree = "<group>"; };
		295162EE2A0C94B7002E4C5D /* RecordBox.swift */ = {isa = PBXFileReference; lastKnownFileType = sourcecode.swift; path = RecordBox.swift; sourceTree = "<group>"; };
		29EDCF0A2A03416B00687162 /* ShareView.swift */ = {isa = PBXFileReference; lastKnownFileType = sourcecode.swift; path = ShareView.swift; sourceTree = "<group>"; };
		29EDCF0C2A03418000687162 /* EmojiCard.swift */ = {isa = PBXFileReference; lastKnownFileType = sourcecode.swift; path = EmojiCard.swift; sourceTree = "<group>"; };
		29EDCF0E2A03418E00687162 /* ShareButton.swift */ = {isa = PBXFileReference; lastKnownFileType = sourcecode.swift; path = ShareButton.swift; sourceTree = "<group>"; };
		29EDCF132A078C5D00687162 /* Extension.swift */ = {isa = PBXFileReference; lastKnownFileType = sourcecode.swift; path = Extension.swift; sourceTree = "<group>"; };
		29EDCF152A078C8A00687162 /* DateFormat.swift */ = {isa = PBXFileReference; lastKnownFileType = sourcecode.swift; path = DateFormat.swift; sourceTree = "<group>"; };
		29EDCF192A0799C700687162 /* EmojiCardDetail.swift */ = {isa = PBXFileReference; lastKnownFileType = sourcecode.swift; path = EmojiCardDetail.swift; sourceTree = "<group>"; };
		29F0CDCA2A0D0BDD00EC6AE7 /* SwipableView.swift */ = {isa = PBXFileReference; lastKnownFileType = sourcecode.swift; path = SwipableView.swift; sourceTree = "<group>"; };
		29F0CDCC2A0D0C3D00EC6AE7 /* CalenderBox.swift */ = {isa = PBXFileReference; lastKnownFileType = sourcecode.swift; path = CalenderBox.swift; sourceTree = "<group>"; };
		29F0CDCE2A0D0D9400EC6AE7 /* RecordList.swift */ = {isa = PBXFileReference; lastKnownFileType = sourcecode.swift; path = RecordList.swift; sourceTree = "<group>"; };
		29F0CDD02A0D14D900EC6AE7 /* ListUpTest.swift */ = {isa = PBXFileReference; lastKnownFileType = sourcecode.swift; path = ListUpTest.swift; sourceTree = "<group>"; };
		3B25DEC52A07B7BB00C5D1DD /* MainView.swift */ = {isa = PBXFileReference; lastKnownFileType = sourcecode.swift; path = MainView.swift; sourceTree = "<group>"; };
		3B25DEC72A07B7E000C5D1DD /* SelectEmoji.swift */ = {isa = PBXFileReference; lastKnownFileType = sourcecode.swift; path = SelectEmoji.swift; sourceTree = "<group>"; };
		3B25DEC92A07B7F400C5D1DD /* DragWheel.swift */ = {isa = PBXFileReference; lastKnownFileType = sourcecode.swift; path = DragWheel.swift; sourceTree = "<group>"; };
		3B25DECB2A07B80700C5D1DD /* CoachMark.swift */ = {isa = PBXFileReference; lastKnownFileType = sourcecode.swift; path = CoachMark.swift; sourceTree = "<group>"; };
		3B4EAEE82A0B77F300B045A2 /* RecordView.swift */ = {isa = PBXFileReference; lastKnownFileType = sourcecode.swift; path = RecordView.swift; sourceTree = "<group>"; };
		CA6A56652A0D2ED3005D2CCA /* StateData.swift */ = {isa = PBXFileReference; lastKnownFileType = sourcecode.swift; path = StateData.swift; sourceTree = "<group>"; };
		CA6A56672A0D2EEB005D2CCA /* ChartView.swift */ = {isa = PBXFileReference; lastKnownFileType = sourcecode.swift; path = ChartView.swift; sourceTree = "<group>"; };
		CABAB7B829FFD1E800FA86A6 /* EZ.Apple.app */ = {isa = PBXFileReference; explicitFileType = wrapper.application; includeInIndex = 0; path = EZ.Apple.app; sourceTree = BUILT_PRODUCTS_DIR; };
		CABAB7BB29FFD1E800FA86A6 /* EZ_AppleApp.swift */ = {isa = PBXFileReference; lastKnownFileType = sourcecode.swift; path = EZ_AppleApp.swift; sourceTree = "<group>"; };
		CABAB7BF29FFD1EA00FA86A6 /* Assets.xcassets */ = {isa = PBXFileReference; lastKnownFileType = folder.assetcatalog; path = Assets.xcassets; sourceTree = "<group>"; };
		CABAB7C229FFD1EA00FA86A6 /* Preview Assets.xcassets */ = {isa = PBXFileReference; lastKnownFileType = folder.assetcatalog; path = "Preview Assets.xcassets"; sourceTree = "<group>"; };
/* End PBXFileReference section */

/* Begin PBXFrameworksBuildPhase section */
		CABAB7B529FFD1E800FA86A6 /* Frameworks */ = {
			isa = PBXFrameworksBuildPhase;
			buildActionMask = 2147483647;
			files = (
			);
			runOnlyForDeploymentPostprocessing = 0;
		};
/* End PBXFrameworksBuildPhase section */

/* Begin PBXGroup section */
		1D9255E82A093880002C099A /* Model */ = {
			isa = PBXGroup;
			children = (
				1D9255D82A0932CF002C099A /* Model.xcdatamodeld */,
				1D9255E12A0936D4002C099A /* Statement+CoreDataProperties.swift */,
				1D9255E92A093A7E002C099A /* PersistenceController.swift */,
				1D9255E32A0937CE002C099A /* Statement+CoreDataClass.swift */,
			);
			path = Model;
			sourceTree = "<group>";
		};
		29EDCF092A03414300687162 /* ShareView */ = {
			isa = PBXGroup;
			children = (
				29EDCF0A2A03416B00687162 /* ShareView.swift */,
				29EDCF0C2A03418000687162 /* EmojiCard.swift */,
				29EDCF0E2A03418E00687162 /* ShareButton.swift */,
				29EDCF192A0799C700687162 /* EmojiCardDetail.swift */,
				1D9255EB2A0A2E1A002C099A /* test.swift */,
			);
			path = ShareView;
			sourceTree = "<group>";
		};
		29EDCF122A078B9C00687162 /* Extensions */ = {
			isa = PBXGroup;
			children = (
				29EDCF152A078C8A00687162 /* DateFormat.swift */,
				29EDCF132A078C5D00687162 /* Extension.swift */,
			);
			path = Extensions;
			sourceTree = "<group>";
		};
		3B25DEC42A07B79F00C5D1DD /* MainView */ = {
			isa = PBXGroup;
			children = (
				3B25DEC52A07B7BB00C5D1DD /* MainView.swift */,
				3B25DEC72A07B7E000C5D1DD /* SelectEmoji.swift */,
				3B25DEC92A07B7F400C5D1DD /* DragWheel.swift */,
				3B25DECB2A07B80700C5D1DD /* CoachMark.swift */,
			);
			path = MainView;
			sourceTree = "<group>";
		};
		3B4EAEE72A0B77DF00B045A2 /* RecordView */ = {
			isa = PBXGroup;
			children = (
				3B4EAEE82A0B77F300B045A2 /* RecordView.swift */,
				29F0CDCA2A0D0BDD00EC6AE7 /* SwipableView.swift */,
				29F0CDD02A0D14D900EC6AE7 /* ListUpTest.swift */,
				295162EE2A0C94B7002E4C5D /* RecordBox.swift */,
				29F0CDCE2A0D0D9400EC6AE7 /* RecordList.swift */,
				29F0CDCC2A0D0C3D00EC6AE7 /* CalenderBox.swift */,
			);
			path = RecordView;
			sourceTree = "<group>";
		};
		CA6A56622A0D2B82005D2CCA /* GraphView */ = {
			isa = PBXGroup;
			children = (
				CA6A56652A0D2ED3005D2CCA /* StateData.swift */,
				CA6A56672A0D2EEB005D2CCA /* ChartView.swift */,
			);
			path = GraphView;
			sourceTree = "<group>";
		};
		CABAB7AF29FFD1E800FA86A6 = {
			isa = PBXGroup;
			children = (
				CABAB7BA29FFD1E800FA86A6 /* EZ.Apple */,
				CABAB7B929FFD1E800FA86A6 /* Products */,
			);
			sourceTree = "<group>";
		};
		CABAB7B929FFD1E800FA86A6 /* Products */ = {
			isa = PBXGroup;
			children = (
				CABAB7B829FFD1E800FA86A6 /* EZ.Apple.app */,
			);
			name = Products;
			sourceTree = "<group>";
		};
		CABAB7BA29FFD1E800FA86A6 /* EZ.Apple */ = {
			isa = PBXGroup;
			children = (
				CABAB7BB29FFD1E800FA86A6 /* EZ_AppleApp.swift */,
				CA6A56622A0D2B82005D2CCA /* GraphView */,
				3B4EAEE72A0B77DF00B045A2 /* RecordView */,
				3B25DEC42A07B79F00C5D1DD /* MainView */,
				29EDCF122A078B9C00687162 /* Extensions */,
				29EDCF092A03414300687162 /* ShareView */,
				1D9255E82A093880002C099A /* Model */,
				CABAB7BF29FFD1EA00FA86A6 /* Assets.xcassets */,
				CABAB7C129FFD1EA00FA86A6 /* Preview Content */,
			);
			path = EZ.Apple;
			sourceTree = "<group>";
		};
		CABAB7C129FFD1EA00FA86A6 /* Preview Content */ = {
			isa = PBXGroup;
			children = (
				CABAB7C229FFD1EA00FA86A6 /* Preview Assets.xcassets */,
			);
			path = "Preview Content";
			sourceTree = "<group>";
		};
/* End PBXGroup section */

/* Begin PBXNativeTarget section */
		CABAB7B729FFD1E800FA86A6 /* EZ.Apple */ = {
			isa = PBXNativeTarget;
			buildConfigurationList = CABAB7C629FFD1EA00FA86A6 /* Build configuration list for PBXNativeTarget "EZ.Apple" */;
			buildPhases = (
				CABAB7B429FFD1E800FA86A6 /* Sources */,
				CABAB7B529FFD1E800FA86A6 /* Frameworks */,
				CABAB7B629FFD1E800FA86A6 /* Resources */,
			);
			buildRules = (
			);
			dependencies = (
			);
			name = EZ.Apple;
			productName = EZ.Apple;
			productReference = CABAB7B829FFD1E800FA86A6 /* EZ.Apple.app */;
			productType = "com.apple.product-type.application";
		};
/* End PBXNativeTarget section */

/* Begin PBXProject section */
		CABAB7B029FFD1E800FA86A6 /* Project object */ = {
			isa = PBXProject;
			attributes = {
				BuildIndependentTargetsInParallel = 1;
				LastSwiftUpdateCheck = 1430;
				LastUpgradeCheck = 1430;
				TargetAttributes = {
					CABAB7B729FFD1E800FA86A6 = {
						CreatedOnToolsVersion = 14.3;
					};
				};
			};
			buildConfigurationList = CABAB7B329FFD1E800FA86A6 /* Build configuration list for PBXProject "EZ.Apple" */;
			compatibilityVersion = "Xcode 14.0";
			developmentRegion = en;
			hasScannedForEncodings = 0;
			knownRegions = (
				en,
				Base,
			);
			mainGroup = CABAB7AF29FFD1E800FA86A6;
			productRefGroup = CABAB7B929FFD1E800FA86A6 /* Products */;
			projectDirPath = "";
			projectRoot = "";
			targets = (
				CABAB7B729FFD1E800FA86A6 /* EZ.Apple */,
			);
		};
/* End PBXProject section */

/* Begin PBXResourcesBuildPhase section */
		CABAB7B629FFD1E800FA86A6 /* Resources */ = {
			isa = PBXResourcesBuildPhase;
			buildActionMask = 2147483647;
			files = (
				CABAB7C329FFD1EA00FA86A6 /* Preview Assets.xcassets in Resources */,
				CABAB7C029FFD1EA00FA86A6 /* Assets.xcassets in Resources */,
			);
			runOnlyForDeploymentPostprocessing = 0;
		};
/* End PBXResourcesBuildPhase section */

/* Begin PBXSourcesBuildPhase section */
		CABAB7B429FFD1E800FA86A6 /* Sources */ = {
			isa = PBXSourcesBuildPhase;
			buildActionMask = 2147483647;
			files = (
				29EDCF0D2A03418000687162 /* EmojiCard.swift in Sources */,
				1D9255E42A0937CE002C099A /* Statement+CoreDataClass.swift in Sources */,
				29EDCF1A2A0799C700687162 /* EmojiCardDetail.swift in Sources */,
				29F0CDCD2A0D0C3D00EC6AE7 /* CalenderBox.swift in Sources */,
				29F0CDCB2A0D0BDD00EC6AE7 /* SwipableView.swift in Sources */,
				3B4EAEE92A0B77F300B045A2 /* RecordView.swift in Sources */,
				CA6A56662A0D2ED3005D2CCA /* StateData.swift in Sources */,
				1D9255EC2A0A2E1A002C099A /* test.swift in Sources */,
				29EDCF0B2A03416B00687162 /* ShareView.swift in Sources */,
				29F0CDD12A0D14D900EC6AE7 /* ListUpTest.swift in Sources */,
				1D9255DA2A0932CF002C099A /* Model.xcdatamodeld in Sources */,
				29EDCF142A078C5D00687162 /* Extension.swift in Sources */,
				3B25DEC82A07B7E000C5D1DD /* SelectEmoji.swift in Sources */,
				3B25DECA2A07B7F400C5D1DD /* DragWheel.swift in Sources */,
				295162EF2A0C94B7002E4C5D /* RecordBox.swift in Sources */,
				3B25DECC2A07B80700C5D1DD /* CoachMark.swift in Sources */,
				3B25DEC62A07B7BB00C5D1DD /* MainView.swift in Sources */,
				CABAB7BC29FFD1E800FA86A6 /* EZ_AppleApp.swift in Sources */,
				1D9255E22A0936D4002C099A /* Statement+CoreDataProperties.swift in Sources */,
				29EDCF0F2A03418E00687162 /* ShareButton.swift in Sources */,
				29EDCF162A078C8A00687162 /* DateFormat.swift in Sources */,
				1D9255EA2A093A7E002C099A /* PersistenceController.swift in Sources */,
				29F0CDCF2A0D0D9400EC6AE7 /* RecordList.swift in Sources */,
				CA6A56682A0D2EEB005D2CCA /* ChartView.swift in Sources */,
			);
			runOnlyForDeploymentPostprocessing = 0;
		};
/* End PBXSourcesBuildPhase section */

/* Begin XCBuildConfiguration section */
		CABAB7C429FFD1EA00FA86A6 /* Debug */ = {
			isa = XCBuildConfiguration;
			buildSettings = {
				ALWAYS_SEARCH_USER_PATHS = NO;
				CLANG_ANALYZER_NONNULL = YES;
				CLANG_ANALYZER_NUMBER_OBJECT_CONVERSION = YES_AGGRESSIVE;
				CLANG_CXX_LANGUAGE_STANDARD = "gnu++20";
				CLANG_ENABLE_MODULES = YES;
				CLANG_ENABLE_OBJC_ARC = YES;
				CLANG_ENABLE_OBJC_WEAK = YES;
				CLANG_WARN_BLOCK_CAPTURE_AUTORELEASING = YES;
				CLANG_WARN_BOOL_CONVERSION = YES;
				CLANG_WARN_COMMA = YES;
				CLANG_WARN_CONSTANT_CONVERSION = YES;
				CLANG_WARN_DEPRECATED_OBJC_IMPLEMENTATIONS = YES;
				CLANG_WARN_DIRECT_OBJC_ISA_USAGE = YES_ERROR;
				CLANG_WARN_DOCUMENTATION_COMMENTS = YES;
				CLANG_WARN_EMPTY_BODY = YES;
				CLANG_WARN_ENUM_CONVERSION = YES;
				CLANG_WARN_INFINITE_RECURSION = YES;
				CLANG_WARN_INT_CONVERSION = YES;
				CLANG_WARN_NON_LITERAL_NULL_CONVERSION = YES;
				CLANG_WARN_OBJC_IMPLICIT_RETAIN_SELF = YES;
				CLANG_WARN_OBJC_LITERAL_CONVERSION = YES;
				CLANG_WARN_OBJC_ROOT_CLASS = YES_ERROR;
				CLANG_WARN_QUOTED_INCLUDE_IN_FRAMEWORK_HEADER = YES;
				CLANG_WARN_RANGE_LOOP_ANALYSIS = YES;
				CLANG_WARN_STRICT_PROTOTYPES = YES;
				CLANG_WARN_SUSPICIOUS_MOVE = YES;
				CLANG_WARN_UNGUARDED_AVAILABILITY = YES_AGGRESSIVE;
				CLANG_WARN_UNREACHABLE_CODE = YES;
				CLANG_WARN__DUPLICATE_METHOD_MATCH = YES;
				COPY_PHASE_STRIP = NO;
				DEBUG_INFORMATION_FORMAT = dwarf;
				ENABLE_STRICT_OBJC_MSGSEND = YES;
				ENABLE_TESTABILITY = YES;
				GCC_C_LANGUAGE_STANDARD = gnu11;
				GCC_DYNAMIC_NO_PIC = NO;
				GCC_NO_COMMON_BLOCKS = YES;
				GCC_OPTIMIZATION_LEVEL = 0;
				GCC_PREPROCESSOR_DEFINITIONS = (
					"DEBUG=1",
					"$(inherited)",
				);
				GCC_WARN_64_TO_32_BIT_CONVERSION = YES;
				GCC_WARN_ABOUT_RETURN_TYPE = YES_ERROR;
				GCC_WARN_UNDECLARED_SELECTOR = YES;
				GCC_WARN_UNINITIALIZED_AUTOS = YES_AGGRESSIVE;
				GCC_WARN_UNUSED_FUNCTION = YES;
				GCC_WARN_UNUSED_VARIABLE = YES;
				IPHONEOS_DEPLOYMENT_TARGET = 16.4;
				MTL_ENABLE_DEBUG_INFO = INCLUDE_SOURCE;
				MTL_FAST_MATH = YES;
				ONLY_ACTIVE_ARCH = YES;
				SDKROOT = iphoneos;
				SWIFT_ACTIVE_COMPILATION_CONDITIONS = DEBUG;
				SWIFT_OPTIMIZATION_LEVEL = "-Onone";
			};
			name = Debug;
		};
		CABAB7C529FFD1EA00FA86A6 /* Release */ = {
			isa = XCBuildConfiguration;
			buildSettings = {
				ALWAYS_SEARCH_USER_PATHS = NO;
				CLANG_ANALYZER_NONNULL = YES;
				CLANG_ANALYZER_NUMBER_OBJECT_CONVERSION = YES_AGGRESSIVE;
				CLANG_CXX_LANGUAGE_STANDARD = "gnu++20";
				CLANG_ENABLE_MODULES = YES;
				CLANG_ENABLE_OBJC_ARC = YES;
				CLANG_ENABLE_OBJC_WEAK = YES;
				CLANG_WARN_BLOCK_CAPTURE_AUTORELEASING = YES;
				CLANG_WARN_BOOL_CONVERSION = YES;
				CLANG_WARN_COMMA = YES;
				CLANG_WARN_CONSTANT_CONVERSION = YES;
				CLANG_WARN_DEPRECATED_OBJC_IMPLEMENTATIONS = YES;
				CLANG_WARN_DIRECT_OBJC_ISA_USAGE = YES_ERROR;
				CLANG_WARN_DOCUMENTATION_COMMENTS = YES;
				CLANG_WARN_EMPTY_BODY = YES;
				CLANG_WARN_ENUM_CONVERSION = YES;
				CLANG_WARN_INFINITE_RECURSION = YES;
				CLANG_WARN_INT_CONVERSION = YES;
				CLANG_WARN_NON_LITERAL_NULL_CONVERSION = YES;
				CLANG_WARN_OBJC_IMPLICIT_RETAIN_SELF = YES;
				CLANG_WARN_OBJC_LITERAL_CONVERSION = YES;
				CLANG_WARN_OBJC_ROOT_CLASS = YES_ERROR;
				CLANG_WARN_QUOTED_INCLUDE_IN_FRAMEWORK_HEADER = YES;
				CLANG_WARN_RANGE_LOOP_ANALYSIS = YES;
				CLANG_WARN_STRICT_PROTOTYPES = YES;
				CLANG_WARN_SUSPICIOUS_MOVE = YES;
				CLANG_WARN_UNGUARDED_AVAILABILITY = YES_AGGRESSIVE;
				CLANG_WARN_UNREACHABLE_CODE = YES;
				CLANG_WARN__DUPLICATE_METHOD_MATCH = YES;
				COPY_PHASE_STRIP = NO;
				DEBUG_INFORMATION_FORMAT = "dwarf-with-dsym";
				ENABLE_NS_ASSERTIONS = NO;
				ENABLE_STRICT_OBJC_MSGSEND = YES;
				GCC_C_LANGUAGE_STANDARD = gnu11;
				GCC_NO_COMMON_BLOCKS = YES;
				GCC_WARN_64_TO_32_BIT_CONVERSION = YES;
				GCC_WARN_ABOUT_RETURN_TYPE = YES_ERROR;
				GCC_WARN_UNDECLARED_SELECTOR = YES;
				GCC_WARN_UNINITIALIZED_AUTOS = YES_AGGRESSIVE;
				GCC_WARN_UNUSED_FUNCTION = YES;
				GCC_WARN_UNUSED_VARIABLE = YES;
				IPHONEOS_DEPLOYMENT_TARGET = 16.4;
				MTL_ENABLE_DEBUG_INFO = NO;
				MTL_FAST_MATH = YES;
				SDKROOT = iphoneos;
				SWIFT_COMPILATION_MODE = wholemodule;
				SWIFT_OPTIMIZATION_LEVEL = "-O";
				VALIDATE_PRODUCT = YES;
			};
			name = Release;
		};
		CABAB7C729FFD1EA00FA86A6 /* Debug */ = {
			isa = XCBuildConfiguration;
			buildSettings = {
				ASSETCATALOG_COMPILER_APPICON_NAME = AppIcon;
				ASSETCATALOG_COMPILER_GLOBAL_ACCENT_COLOR_NAME = AccentColor;
				CODE_SIGN_STYLE = Automatic;
				CURRENT_PROJECT_VERSION = 1;
				DEVELOPMENT_ASSET_PATHS = "\"EZ.Apple/Preview Content\"";
				DEVELOPMENT_TEAM = ADU9G6DNZ9;
				ENABLE_PREVIEWS = YES;
				GENERATE_INFOPLIST_FILE = YES;
				INFOPLIST_KEY_UIApplicationSceneManifest_Generation = YES;
				INFOPLIST_KEY_UIApplicationSupportsIndirectInputEvents = YES;
				INFOPLIST_KEY_UILaunchScreen_Generation = YES;
				INFOPLIST_KEY_UISupportedInterfaceOrientations_iPad = "UIInterfaceOrientationPortrait UIInterfaceOrientationPortraitUpsideDown UIInterfaceOrientationLandscapeLeft UIInterfaceOrientationLandscapeRight";
				INFOPLIST_KEY_UISupportedInterfaceOrientations_iPhone = "UIInterfaceOrientationPortrait UIInterfaceOrientationLandscapeLeft UIInterfaceOrientationLandscapeRight";
				LD_RUNPATH_SEARCH_PATHS = (
					"$(inherited)",
					"@executable_path/Frameworks",
				);
				MARKETING_VERSION = 1.0;
				PRODUCT_BUNDLE_IDENTIFIER = "com.Puupy.bootcamp.EZ-Apple";
				PRODUCT_NAME = "$(TARGET_NAME)";
				SWIFT_EMIT_LOC_STRINGS = YES;
				SWIFT_VERSION = 5.0;
				TARGETED_DEVICE_FAMILY = "1,2";
			};
			name = Debug;
		};
		CABAB7C829FFD1EA00FA86A6 /* Release */ = {
			isa = XCBuildConfiguration;
			buildSettings = {
				ASSETCATALOG_COMPILER_APPICON_NAME = AppIcon;
				ASSETCATALOG_COMPILER_GLOBAL_ACCENT_COLOR_NAME = AccentColor;
				CODE_SIGN_STYLE = Automatic;
				CURRENT_PROJECT_VERSION = 1;
				DEVELOPMENT_ASSET_PATHS = "\"EZ.Apple/Preview Content\"";
				DEVELOPMENT_TEAM = ADU9G6DNZ9;
				ENABLE_PREVIEWS = YES;
				GENERATE_INFOPLIST_FILE = YES;
				INFOPLIST_KEY_UIApplicationSceneManifest_Generation = YES;
				INFOPLIST_KEY_UIApplicationSupportsIndirectInputEvents = YES;
				INFOPLIST_KEY_UILaunchScreen_Generation = YES;
				INFOPLIST_KEY_UISupportedInterfaceOrientations_iPad = "UIInterfaceOrientationPortrait UIInterfaceOrientationPortraitUpsideDown UIInterfaceOrientationLandscapeLeft UIInterfaceOrientationLandscapeRight";
				INFOPLIST_KEY_UISupportedInterfaceOrientations_iPhone = "UIInterfaceOrientationPortrait UIInterfaceOrientationLandscapeLeft UIInterfaceOrientationLandscapeRight";
				LD_RUNPATH_SEARCH_PATHS = (
					"$(inherited)",
					"@executable_path/Frameworks",
				);
				MARKETING_VERSION = 1.0;
				PRODUCT_BUNDLE_IDENTIFIER = "com.Puupy.bootcamp.EZ-Apple";
				PRODUCT_NAME = "$(TARGET_NAME)";
				SWIFT_EMIT_LOC_STRINGS = YES;
				SWIFT_VERSION = 5.0;
				TARGETED_DEVICE_FAMILY = "1,2";
			};
			name = Release;
		};
/* End XCBuildConfiguration section */

/* Begin XCConfigurationList section */
		CABAB7B329FFD1E800FA86A6 /* Build configuration list for PBXProject "EZ.Apple" */ = {
			isa = XCConfigurationList;
			buildConfigurations = (
				CABAB7C429FFD1EA00FA86A6 /* Debug */,
				CABAB7C529FFD1EA00FA86A6 /* Release */,
			);
			defaultConfigurationIsVisible = 0;
			defaultConfigurationName = Release;
		};
		CABAB7C629FFD1EA00FA86A6 /* Build configuration list for PBXNativeTarget "EZ.Apple" */ = {
			isa = XCConfigurationList;
			buildConfigurations = (
				CABAB7C729FFD1EA00FA86A6 /* Debug */,
				CABAB7C829FFD1EA00FA86A6 /* Release */,
			);
			defaultConfigurationIsVisible = 0;
			defaultConfigurationName = Release;
		};
/* End XCConfigurationList section */

/* Begin XCVersionGroup section */
		1D9255D82A0932CF002C099A /* Model.xcdatamodeld */ = {
			isa = XCVersionGroup;
			children = (
				1D9255D92A0932CF002C099A /* CoreDataEz.xcdatamodel */,
			);
			currentVersion = 1D9255D92A0932CF002C099A /* CoreDataEz.xcdatamodel */;
			path = Model.xcdatamodeld;
			sourceTree = "<group>";
			versionGroupType = wrapper.xcdatamodel;
		};
/* End XCVersionGroup section */
	};
	rootObject = CABAB7B029FFD1E800FA86A6 /* Project object */;
}
